
Microsoft Visual Studio Solution File, Format Version 12.00
# Visual Studio Version 16
VisualStudioVersion = 16.0.31129.286
MinimumVisualStudioVersion = 10.0.40219.1
Project("{FAE04EC0-301F-11D3-BF4B-00C04F79EFBC}") = "LINQSQL", "LINQSQL\LINQSQL.csproj", "{03A25046-A2F6-4A04-9F47-98D479A537EC}"
EndProject
Global
	GlobalSection(SolutionConfigurationPlatforms) = preSolution
		Debug|Any CPU = Debug|Any CPU
		Release|Any CPU = Release|Any CPU
	EndGlobalSection
	GlobalSection(ProjectConfigurationPlatforms) = postSolution
		{03A25046-A2F6-4A04-9F47-98D479A537EC}.Debug|Any CPU.ActiveCfg = Debug|Any CPU
		{03A25046-A2F6-4A04-9F47-98D479A537EC}.Debug|Any CPU.Build.0 = Debug|Any CPU
		{03A25046-A2F6-4A04-9F47-98D479A537EC}.Release|Any CPU.ActiveCfg = Release|Any CPU
		{03A25046-A2F6-4A04-9F47-98D479A537EC}.Release|Any CPU.Build.0 = Release|Any CPU
	EndGlobalSection
	GlobalSection(SolutionProperties) = preSolution
		HideSolutionNode = FALSE
	EndGlobalSection
	GlobalSection(ExtensibilityGlobals) = postSolution
		SolutionGuid = {D75604C9-475A-42AE-9B80-919D780115E3}
	EndGlobalSection
EndGlobal
